// !$*UTF8*$!
{
	archiveVersion = 1;
	classes = {
	};
	objectVersion = 50;
	objects = {

/* Begin PBXBuildFile section */
		2212EB3221BE09980081D186 /* AppDelegate.swift in Sources */ = {isa = PBXBuildFile; fileRef = 2212EB3121BE09980081D186 /* AppDelegate.swift */; };
		2212EB3421BE09980081D186 /* FirstViewController.swift in Sources */ = {isa = PBXBuildFile; fileRef = 2212EB3321BE09980081D186 /* FirstViewController.swift */; };
		2212EB3621BE09980081D186 /* SecondViewController.swift in Sources */ = {isa = PBXBuildFile; fileRef = 2212EB3521BE09980081D186 /* SecondViewController.swift */; };
		2212EB3921BE09980081D186 /* Main.storyboard in Resources */ = {isa = PBXBuildFile; fileRef = 2212EB3721BE09980081D186 /* Main.storyboard */; };
		2212EB3B21BE09A00081D186 /* Assets.xcassets in Resources */ = {isa = PBXBuildFile; fileRef = 2212EB3A21BE09A00081D186 /* Assets.xcassets */; };
		2212EB3E21BE09A00081D186 /* LaunchScreen.storyboard in Resources */ = {isa = PBXBuildFile; fileRef = 2212EB3C21BE09A00081D186 /* LaunchScreen.storyboard */; };
		2212EB4921BE09A20081D186 /* SCBoyTests.swift in Sources */ = {isa = PBXBuildFile; fileRef = 2212EB4821BE09A20081D186 /* SCBoyTests.swift */; };
		2212EB5421BE09A20081D186 /* SCBoyUITests.swift in Sources */ = {isa = PBXBuildFile; fileRef = 2212EB5321BE09A20081D186 /* SCBoyUITests.swift */; };
		2212EB6621BE10B70081D186 /* ToastSwiftFramework.framework in Frameworks */ = {isa = PBXBuildFile; fileRef = 2212EB6521BE10B70081D186 /* ToastSwiftFramework.framework */; };
		2212EB6821BE120D0081D186 /* ToastSwiftFramework.framework in Embed Frameworks */ = {isa = PBXBuildFile; fileRef = 2212EB6521BE10B70081D186 /* ToastSwiftFramework.framework */; settings = {ATTRIBUTES = (CodeSignOnCopy, RemoveHeadersOnCopy, ); }; };
		2212EB6C21BE124F0081D186 /* Eureka.framework in Frameworks */ = {isa = PBXBuildFile; fileRef = 2212EB6321BE0DAA0081D186 /* Eureka.framework */; };
		2212EB6D21BE124F0081D186 /* Eureka.framework in Embed Frameworks */ = {isa = PBXBuildFile; fileRef = 2212EB6321BE0DAA0081D186 /* Eureka.framework */; settings = {ATTRIBUTES = (CodeSignOnCopy, RemoveHeadersOnCopy, ); }; };
/* End PBXBuildFile section */

/* Begin PBXContainerItemProxy section */
		2212EB4521BE09A20081D186 /* PBXContainerItemProxy */ = {
			isa = PBXContainerItemProxy;
			containerPortal = 2212EB2621BE09980081D186 /* Project object */;
			proxyType = 1;
			remoteGlobalIDString = 2212EB2D21BE09980081D186;
			remoteInfo = SCBoy;
		};
		2212EB5021BE09A20081D186 /* PBXContainerItemProxy */ = {
			isa = PBXContainerItemProxy;
			containerPortal = 2212EB2621BE09980081D186 /* Project object */;
			proxyType = 1;
			remoteGlobalIDString = 2212EB2D21BE09980081D186;
			remoteInfo = SCBoy;
		};
/* End PBXContainerItemProxy section */

/* Begin PBXCopyFilesBuildPhase section */
		2212EB6921BE120D0081D186 /* Embed Frameworks */ = {
			isa = PBXCopyFilesBuildPhase;
			buildActionMask = 2147483647;
			dstPath = "";
			dstSubfolderSpec = 10;
			files = (
				2212EB6821BE120D0081D186 /* ToastSwiftFramework.framework in Embed Frameworks */,
				2212EB6D21BE124F0081D186 /* Eureka.framework in Embed Frameworks */,
			);
			name = "Embed Frameworks";
			runOnlyForDeploymentPostprocessing = 0;
		};
/* End PBXCopyFilesBuildPhase section */

/* Begin PBXFileReference section */
		2212EB2E21BE09980081D186 /* SCBoy.app */ = {isa = PBXFileReference; explicitFileType = wrapper.application; includeInIndex = 0; path = SCBoy.app; sourceTree = BUILT_PRODUCTS_DIR; };
		2212EB3121BE09980081D186 /* AppDelegate.swift */ = {isa = PBXFileReference; lastKnownFileType = sourcecode.swift; path = AppDelegate.swift; sourceTree = "<group>"; };
		2212EB3321BE09980081D186 /* FirstViewController.swift */ = {isa = PBXFileReference; lastKnownFileType = sourcecode.swift; path = FirstViewController.swift; sourceTree = "<group>"; };
		2212EB3521BE09980081D186 /* SecondViewController.swift */ = {isa = PBXFileReference; lastKnownFileType = sourcecode.swift; path = SecondViewController.swift; sourceTree = "<group>"; };
		2212EB3821BE09980081D186 /* Base */ = {isa = PBXFileReference; lastKnownFileType = file.storyboard; name = Base; path = Base.lproj/Main.storyboard; sourceTree = "<group>"; };
		2212EB3A21BE09A00081D186 /* Assets.xcassets */ = {isa = PBXFileReference; lastKnownFileType = folder.assetcatalog; path = Assets.xcassets; sourceTree = "<group>"; };
		2212EB3D21BE09A00081D186 /* Base */ = {isa = PBXFileReference; lastKnownFileType = file.storyboard; name = Base; path = Base.lproj/LaunchScreen.storyboard; sourceTree = "<group>"; };
		2212EB3F21BE09A00081D186 /* Info.plist */ = {isa = PBXFileReference; lastKnownFileType = text.plist.xml; path = Info.plist; sourceTree = "<group>"; };
		2212EB4421BE09A20081D186 /* SCBoyTests.xctest */ = {isa = PBXFileReference; explicitFileType = wrapper.cfbundle; includeInIndex = 0; path = SCBoyTests.xctest; sourceTree = BUILT_PRODUCTS_DIR; };
		2212EB4821BE09A20081D186 /* SCBoyTests.swift */ = {isa = PBXFileReference; lastKnownFileType = sourcecode.swift; path = SCBoyTests.swift; sourceTree = "<group>"; };
		2212EB4A21BE09A20081D186 /* Info.plist */ = {isa = PBXFileReference; lastKnownFileType = text.plist.xml; path = Info.plist; sourceTree = "<group>"; };
		2212EB4F21BE09A20081D186 /* SCBoyUITests.xctest */ = {isa = PBXFileReference; explicitFileType = wrapper.cfbundle; includeInIndex = 0; path = SCBoyUITests.xctest; sourceTree = BUILT_PRODUCTS_DIR; };
		2212EB5321BE09A20081D186 /* SCBoyUITests.swift */ = {isa = PBXFileReference; lastKnownFileType = sourcecode.swift; path = SCBoyUITests.swift; sourceTree = "<group>"; };
		2212EB5521BE09A20081D186 /* Info.plist */ = {isa = PBXFileReference; lastKnownFileType = text.plist.xml; path = Info.plist; sourceTree = "<group>"; };
		2212EB6321BE0DAA0081D186 /* Eureka.framework */ = {isa = PBXFileReference; lastKnownFileType = wrapper.framework; name = Eureka.framework; path = Carthage/Build/iOS/Eureka.framework; sourceTree = SOURCE_ROOT; };
		2212EB6521BE10B70081D186 /* ToastSwiftFramework.framework */ = {isa = PBXFileReference; lastKnownFileType = wrapper.framework; name = ToastSwiftFramework.framework; path = Carthage/Build/iOS/ToastSwiftFramework.framework; sourceTree = SOURCE_ROOT; };
/* End PBXFileReference section */

/* Begin PBXFrameworksBuildPhase section */
		2212EB2B21BE09980081D186 /* Frameworks */ = {
			isa = PBXFrameworksBuildPhase;
			buildActionMask = 2147483647;
			files = (
				2212EB6621BE10B70081D186 /* ToastSwiftFramework.framework in Frameworks */,
				2212EB6C21BE124F0081D186 /* Eureka.framework in Frameworks */,
			);
			runOnlyForDeploymentPostprocessing = 0;
		};
		2212EB4121BE09A20081D186 /* Frameworks */ = {
			isa = PBXFrameworksBuildPhase;
			buildActionMask = 2147483647;
			files = (
			);
			runOnlyForDeploymentPostprocessing = 0;
		};
		2212EB4C21BE09A20081D186 /* Frameworks */ = {
			isa = PBXFrameworksBuildPhase;
			buildActionMask = 2147483647;
			files = (
			);
			runOnlyForDeploymentPostprocessing = 0;
		};
/* End PBXFrameworksBuildPhase section */

/* Begin PBXGroup section */
		2212EB2521BE09980081D186 = {
			isa = PBXGroup;
			children = (
				2212EB3021BE09980081D186 /* SCBoy */,
				2212EB4721BE09A20081D186 /* SCBoyTests */,
				2212EB5221BE09A20081D186 /* SCBoyUITests */,
				2212EB2F21BE09980081D186 /* Products */,
			);
			sourceTree = "<group>";
		};
		2212EB2F21BE09980081D186 /* Products */ = {
			isa = PBXGroup;
			children = (
				2212EB2E21BE09980081D186 /* SCBoy.app */,
				2212EB4421BE09A20081D186 /* SCBoyTests.xctest */,
				2212EB4F21BE09A20081D186 /* SCBoyUITests.xctest */,
			);
			name = Products;
			sourceTree = "<group>";
		};
		2212EB3021BE09980081D186 /* SCBoy */ = {
			isa = PBXGroup;
			children = (
				2212EB6221BE0C910081D186 /* Framework */,
				2212EB3121BE09980081D186 /* AppDelegate.swift */,
				2212EB3321BE09980081D186 /* FirstViewController.swift */,
				2212EB3521BE09980081D186 /* SecondViewController.swift */,
				2212EB3721BE09980081D186 /* Main.storyboard */,
				2212EB3A21BE09A00081D186 /* Assets.xcassets */,
				2212EB3C21BE09A00081D186 /* LaunchScreen.storyboard */,
				2212EB3F21BE09A00081D186 /* Info.plist */,
			);
			path = SCBoy;
			sourceTree = "<group>";
		};
		2212EB4721BE09A20081D186 /* SCBoyTests */ = {
			isa = PBXGroup;
			children = (
				2212EB4821BE09A20081D186 /* SCBoyTests.swift */,
				2212EB4A21BE09A20081D186 /* Info.plist */,
			);
			path = SCBoyTests;
			sourceTree = "<group>";
		};
		2212EB5221BE09A20081D186 /* SCBoyUITests */ = {
			isa = PBXGroup;
			children = (
				2212EB5321BE09A20081D186 /* SCBoyUITests.swift */,
				2212EB5521BE09A20081D186 /* Info.plist */,
			);
			path = SCBoyUITests;
			sourceTree = "<group>";
		};
		2212EB6221BE0C910081D186 /* Framework */ = {
			isa = PBXGroup;
			children = (
				2212EB6521BE10B70081D186 /* ToastSwiftFramework.framework */,
				2212EB6321BE0DAA0081D186 /* Eureka.framework */,
			);
			name = Framework;
			sourceTree = "<group>";
		};
/* End PBXGroup section */

/* Begin PBXNativeTarget section */
		2212EB2D21BE09980081D186 /* SCBoy */ = {
			isa = PBXNativeTarget;
			buildConfigurationList = 2212EB5821BE09A20081D186 /* Build configuration list for PBXNativeTarget "SCBoy" */;
			buildPhases = (
				2212EB2A21BE09980081D186 /* Sources */,
				2212EB2B21BE09980081D186 /* Frameworks */,
				2212EB2C21BE09980081D186 /* Resources */,
				2212EB6921BE120D0081D186 /* Embed Frameworks */,
				2212EB6121BE0C190081D186 /* ShellScript */,
			);
			buildRules = (
			);
			dependencies = (
			);
			name = SCBoy;
			productName = SCBoy;
			productReference = 2212EB2E21BE09980081D186 /* SCBoy.app */;
			productType = "com.apple.product-type.application";
		};
		2212EB4321BE09A20081D186 /* SCBoyTests */ = {
			isa = PBXNativeTarget;
			buildConfigurationList = 2212EB5B21BE09A20081D186 /* Build configuration list for PBXNativeTarget "SCBoyTests" */;
			buildPhases = (
				2212EB4021BE09A20081D186 /* Sources */,
				2212EB4121BE09A20081D186 /* Frameworks */,
				2212EB4221BE09A20081D186 /* Resources */,
			);
			buildRules = (
			);
			dependencies = (
				2212EB4621BE09A20081D186 /* PBXTargetDependency */,
			);
			name = SCBoyTests;
			productName = SCBoyTests;
			productReference = 2212EB4421BE09A20081D186 /* SCBoyTests.xctest */;
			productType = "com.apple.product-type.bundle.unit-test";
		};
		2212EB4E21BE09A20081D186 /* SCBoyUITests */ = {
			isa = PBXNativeTarget;
			buildConfigurationList = 2212EB5E21BE09A20081D186 /* Build configuration list for PBXNativeTarget "SCBoyUITests" */;
			buildPhases = (
				2212EB4B21BE09A20081D186 /* Sources */,
				2212EB4C21BE09A20081D186 /* Frameworks */,
				2212EB4D21BE09A20081D186 /* Resources */,
			);
			buildRules = (
			);
			dependencies = (
				2212EB5121BE09A20081D186 /* PBXTargetDependency */,
			);
			name = SCBoyUITests;
			productName = SCBoyUITests;
			productReference = 2212EB4F21BE09A20081D186 /* SCBoyUITests.xctest */;
			productType = "com.apple.product-type.bundle.ui-testing";
		};
/* End PBXNativeTarget section */

/* Begin PBXProject section */
		2212EB2621BE09980081D186 /* Project object */ = {
			isa = PBXProject;
			attributes = {
				LastSwiftUpdateCheck = 1010;
				LastUpgradeCheck = 1010;
				ORGANIZATIONNAME = ascp;
				TargetAttributes = {
					2212EB2D21BE09980081D186 = {
						CreatedOnToolsVersion = 10.1;
					};
					2212EB4321BE09A20081D186 = {
						CreatedOnToolsVersion = 10.1;
						TestTargetID = 2212EB2D21BE09980081D186;
					};
					2212EB4E21BE09A20081D186 = {
						CreatedOnToolsVersion = 10.1;
						TestTargetID = 2212EB2D21BE09980081D186;
					};
				};
			};
			buildConfigurationList = 2212EB2921BE09980081D186 /* Build configuration list for PBXProject "SCBoy" */;
			compatibilityVersion = "Xcode 9.3";
			developmentRegion = en;
			hasScannedForEncodings = 0;
			knownRegions = (
				en,
				Base,
			);
			mainGroup = 2212EB2521BE09980081D186;
			productRefGroup = 2212EB2F21BE09980081D186 /* Products */;
			projectDirPath = "";
			projectRoot = "";
			targets = (
				2212EB2D21BE09980081D186 /* SCBoy */,
				2212EB4321BE09A20081D186 /* SCBoyTests */,
				2212EB4E21BE09A20081D186 /* SCBoyUITests */,
			);
		};
/* End PBXProject section */

/* Begin PBXResourcesBuildPhase section */
		2212EB2C21BE09980081D186 /* Resources */ = {
			isa = PBXResourcesBuildPhase;
			buildActionMask = 2147483647;
			files = (
				2212EB3E21BE09A00081D186 /* LaunchScreen.storyboard in Resources */,
				2212EB3B21BE09A00081D186 /* Assets.xcassets in Resources */,
				2212EB3921BE09980081D186 /* Main.storyboard in Resources */,
			);
			runOnlyForDeploymentPostprocessing = 0;
		};
		2212EB4221BE09A20081D186 /* Resources */ = {
			isa = PBXResourcesBuildPhase;
			buildActionMask = 2147483647;
			files = (
			);
			runOnlyForDeploymentPostprocessing = 0;
		};
		2212EB4D21BE09A20081D186 /* Resources */ = {
			isa = PBXResourcesBuildPhase;
			buildActionMask = 2147483647;
			files = (
			);
			runOnlyForDeploymentPostprocessing = 0;
		};
/* End PBXResourcesBuildPhase section */

/* Begin PBXShellScriptBuildPhase section */
		2212EB6121BE0C190081D186 /* ShellScript */ = {
			isa = PBXShellScriptBuildPhase;
			buildActionMask = 2147483647;
			files = (
			);
			inputFileListPaths = (
			);
			inputPaths = (
				"$(SRCROOT)/Carthage/Build/iOS/Eureka.framework",
				"$(SRCROOT)/Carthage/Build/iOS/ToastSwiftFramework.framework",
			);
			outputFileListPaths = (
			);
			outputPaths = (
				"$(DERIVED_FILE_DIR)/$(FRAMEWORKS_FOLDER_PATH)/Eureka.framework",
				"$(DERIVED_FILE_DIR)/$(FRAMEWORKS_FOLDER_PATH)/ToastSwiftFramework.framework",
			);
			runOnlyForDeploymentPostprocessing = 0;
			shellPath = /bin/sh;
			shellScript = "/usr/local/bin/carthage copy-frameworks\n";
		};
/* End PBXShellScriptBuildPhase section */

/* Begin PBXSourcesBuildPhase section */
		2212EB2A21BE09980081D186 /* Sources */ = {
			isa = PBXSourcesBuildPhase;
			buildActionMask = 2147483647;
			files = (
				2212EB3621BE09980081D186 /* SecondViewController.swift in Sources */,
				2212EB3221BE09980081D186 /* AppDelegate.swift in Sources */,
				2212EB3421BE09980081D186 /* FirstViewController.swift in Sources */,
			);
			runOnlyForDeploymentPostprocessing = 0;
		};
		2212EB4021BE09A20081D186 /* Sources */ = {
			isa = PBXSourcesBuildPhase;
			buildActionMask = 2147483647;
			files = (
				2212EB4921BE09A20081D186 /* SCBoyTests.swift in Sources */,
			);
			runOnlyForDeploymentPostprocessing = 0;
		};
		2212EB4B21BE09A20081D186 /* Sources */ = {
			isa = PBXSourcesBuildPhase;
			buildActionMask = 2147483647;
			files = (
				2212EB5421BE09A20081D186 /* SCBoyUITests.swift in Sources */,
			);
			runOnlyForDeploymentPostprocessing = 0;
		};
/* End PBXSourcesBuildPhase section */

/* Begin PBXTargetDependency section */
		2212EB4621BE09A20081D186 /* PBXTargetDependency */ = {
			isa = PBXTargetDependency;
			target = 2212EB2D21BE09980081D186 /* SCBoy */;
			targetProxy = 2212EB4521BE09A20081D186 /* PBXContainerItemProxy */;
		};
		2212EB5121BE09A20081D186 /* PBXTargetDependency */ = {
			isa = PBXTargetDependency;
			target = 2212EB2D21BE09980081D186 /* SCBoy */;
			targetProxy = 2212EB5021BE09A20081D186 /* PBXContainerItemProxy */;
		};
/* End PBXTargetDependency section */

/* Begin PBXVariantGroup section */
		2212EB3721BE09980081D186 /* Main.storyboard */ = {
			isa = PBXVariantGroup;
			children = (
				2212EB3821BE09980081D186 /* Base */,
			);
			name = Main.storyboard;
			sourceTree = "<group>";
		};
		2212EB3C21BE09A00081D186 /* LaunchScreen.storyboard */ = {
			isa = PBXVariantGroup;
			children = (
				2212EB3D21BE09A00081D186 /* Base */,
			);
			name = LaunchScreen.storyboard;
			sourceTree = "<group>";
		};
/* End PBXVariantGroup section */

/* Begin XCBuildConfiguration section */
		2212EB5621BE09A20081D186 /* Debug */ = {
			isa = XCBuildConfiguration;
			buildSettings = {
				ALWAYS_SEARCH_USER_PATHS = NO;
				CLANG_ANALYZER_NONNULL = YES;
				CLANG_ANALYZER_NUMBER_OBJECT_CONVERSION = YES_AGGRESSIVE;
				CLANG_CXX_LANGUAGE_STANDARD = "gnu++14";
				CLANG_CXX_LIBRARY = "libc++";
				CLANG_ENABLE_MODULES = YES;
				CLANG_ENABLE_OBJC_ARC = YES;
				CLANG_ENABLE_OBJC_WEAK = YES;
				CLANG_WARN_BLOCK_CAPTURE_AUTORELEASING = YES;
				CLANG_WARN_BOOL_CONVERSION = YES;
				CLANG_WARN_COMMA = YES;
				CLANG_WARN_CONSTANT_CONVERSION = YES;
				CLANG_WARN_DEPRECATED_OBJC_IMPLEMENTATIONS = YES;
				CLANG_WARN_DIRECT_OBJC_ISA_USAGE = YES_ERROR;
				CLANG_WARN_DOCUMENTATION_COMMENTS = YES;
				CLANG_WARN_EMPTY_BODY = YES;
				CLANG_WARN_ENUM_CONVERSION = YES;
				CLANG_WARN_INFINITE_RECURSION = YES;
				CLANG_WARN_INT_CONVERSION = YES;
				CLANG_WARN_NON_LITERAL_NULL_CONVERSION = YES;
				CLANG_WARN_OBJC_IMPLICIT_RETAIN_SELF = YES;
				CLANG_WARN_OBJC_LITERAL_CONVERSION = YES;
				CLANG_WARN_OBJC_ROOT_CLASS = YES_ERROR;
				CLANG_WARN_RANGE_LOOP_ANALYSIS = YES;
				CLANG_WARN_STRICT_PROTOTYPES = YES;
				CLANG_WARN_SUSPICIOUS_MOVE = YES;
				CLANG_WARN_UNGUARDED_AVAILABILITY = YES_AGGRESSIVE;
				CLANG_WARN_UNREACHABLE_CODE = YES;
				CLANG_WARN__DUPLICATE_METHOD_MATCH = YES;
				CODE_SIGN_IDENTITY = "iPhone Developer";
				COPY_PHASE_STRIP = NO;
				DEBUG_INFORMATION_FORMAT = dwarf;
				ENABLE_STRICT_OBJC_MSGSEND = YES;
				ENABLE_TESTABILITY = YES;
				GCC_C_LANGUAGE_STANDARD = gnu11;
				GCC_DYNAMIC_NO_PIC = NO;
				GCC_NO_COMMON_BLOCKS = YES;
				GCC_OPTIMIZATION_LEVEL = 0;
				GCC_PREPROCESSOR_DEFINITIONS = (
					"DEBUG=1",
					"$(inherited)",
				);
				GCC_WARN_64_TO_32_BIT_CONVERSION = YES;
				GCC_WARN_ABOUT_RETURN_TYPE = YES_ERROR;
				GCC_WARN_UNDECLARED_SELECTOR = YES;
				GCC_WARN_UNINITIALIZED_AUTOS = YES_AGGRESSIVE;
				GCC_WARN_UNUSED_FUNCTION = YES;
				GCC_WARN_UNUSED_VARIABLE = YES;
				IPHONEOS_DEPLOYMENT_TARGET = 12.1;
				MTL_ENABLE_DEBUG_INFO = INCLUDE_SOURCE;
				MTL_FAST_MATH = YES;
				ONLY_ACTIVE_ARCH = YES;
				SDKROOT = iphoneos;
				SWIFT_ACTIVE_COMPILATION_CONDITIONS = DEBUG;
				SWIFT_OPTIMIZATION_LEVEL = "-Onone";
			};
			name = Debug;
		};
		2212EB5721BE09A20081D186 /* Release */ = {
			isa = XCBuildConfiguration;
			buildSettings = {
				ALWAYS_SEARCH_USER_PATHS = NO;
				CLANG_ANALYZER_NONNULL = YES;
				CLANG_ANALYZER_NUMBER_OBJECT_CONVERSION = YES_AGGRESSIVE;
				CLANG_CXX_LANGUAGE_STANDARD = "gnu++14";
				CLANG_CXX_LIBRARY = "libc++";
				CLANG_ENABLE_MODULES = YES;
				CLANG_ENABLE_OBJC_ARC = YES;
				CLANG_ENABLE_OBJC_WEAK = YES;
				CLANG_WARN_BLOCK_CAPTURE_AUTORELEASING = YES;
				CLANG_WARN_BOOL_CONVERSION = YES;
				CLANG_WARN_COMMA = YES;
				CLANG_WARN_CONSTANT_CONVERSION = YES;
				CLANG_WARN_DEPRECATED_OBJC_IMPLEMENTATIONS = YES;
				CLANG_WARN_DIRECT_OBJC_ISA_USAGE = YES_ERROR;
				CLANG_WARN_DOCUMENTATION_COMMENTS = YES;
				CLANG_WARN_EMPTY_BODY = YES;
				CLANG_WARN_ENUM_CONVERSION = YES;
				CLANG_WARN_INFINITE_RECURSION = YES;
				CLANG_WARN_INT_CONVERSION = YES;
				CLANG_WARN_NON_LITERAL_NULL_CONVERSION = YES;
				CLANG_WARN_OBJC_IMPLICIT_RETAIN_SELF = YES;
				CLANG_WARN_OBJC_LITERAL_CONVERSION = YES;
				CLANG_WARN_OBJC_ROOT_CLASS = YES_ERROR;
				CLANG_WARN_RANGE_LOOP_ANALYSIS = YES;
				CLANG_WARN_STRICT_PROTOTYPES = YES;
				CLANG_WARN_SUSPICIOUS_MOVE = YES;
				CLANG_WARN_UNGUARDED_AVAILABILITY = YES_AGGRESSIVE;
				CLANG_WARN_UNREACHABLE_CODE = YES;
				CLANG_WARN__DUPLICATE_METHOD_MATCH = YES;
				CODE_SIGN_IDENTITY = "iPhone Developer";
				COPY_PHASE_STRIP = NO;
				DEBUG_INFORMATION_FORMAT = "dwarf-with-dsym";
				ENABLE_NS_ASSERTIONS = NO;
				ENABLE_STRICT_OBJC_MSGSEND = YES;
				GCC_C_LANGUAGE_STANDARD = gnu11;
				GCC_NO_COMMON_BLOCKS = YES;
				GCC_WARN_64_TO_32_BIT_CONVERSION = YES;
				GCC_WARN_ABOUT_RETURN_TYPE = YES_ERROR;
				GCC_WARN_UNDECLARED_SELECTOR = YES;
				GCC_WARN_UNINITIALIZED_AUTOS = YES_AGGRESSIVE;
				GCC_WARN_UNUSED_FUNCTION = YES;
				GCC_WARN_UNUSED_VARIABLE = YES;
				IPHONEOS_DEPLOYMENT_TARGET = 12.1;
				MTL_ENABLE_DEBUG_INFO = NO;
				MTL_FAST_MATH = YES;
				SDKROOT = iphoneos;
				SWIFT_COMPILATION_MODE = wholemodule;
				SWIFT_OPTIMIZATION_LEVEL = "-O";
				VALIDATE_PRODUCT = YES;
			};
			name = Release;
		};
		2212EB5921BE09A20081D186 /* Debug */ = {
			isa = XCBuildConfiguration;
			buildSettings = {
				ASSETCATALOG_COMPILER_APPICON_NAME = AppIcon;
				CODE_SIGN_STYLE = Automatic;
				DEVELOPMENT_TEAM = FUBNRGKH85;
				FRAMEWORK_SEARCH_PATHS = (
					"$(inherited)",
					"$(PROJECT_DIR)/Carthage/Build/iOS",
				);
				INFOPLIST_FILE = SCBoy/Info.plist;
				LD_RUNPATH_SEARCH_PATHS = (
					"$(inherited)",
					"@executable_path/Frameworks",
				);
				PRODUCT_BUNDLE_IDENTIFIER = com.ascp.SCBoy2;
				PRODUCT_NAME = "$(TARGET_NAME)";
				SWIFT_VERSION = 4.2;
				TARGETED_DEVICE_FAMILY = 1;
			};
			name = Debug;
		};
		2212EB5A21BE09A20081D186 /* Release */ = {
			isa = XCBuildConfiguration;
			buildSettings = {
				ASSETCATALOG_COMPILER_APPICON_NAME = AppIcon;
				CODE_SIGN_STYLE = Automatic;
				DEVELOPMENT_TEAM = FUBNRGKH85;
				FRAMEWORK_SEARCH_PATHS = (
					"$(inherited)",
					"$(PROJECT_DIR)/Carthage/Build/iOS",
				);
				INFOPLIST_FILE = SCBoy/Info.plist;
				LD_RUNPATH_SEARCH_PATHS = (
					"$(inherited)",
					"@executable_path/Frameworks",
				);
				PRODUCT_BUNDLE_IDENTIFIER = com.ascp.SCBoy2;
				PRODUCT_NAME = "$(TARGET_NAME)";
				SWIFT_VERSION = 4.2;
				TARGETED_DEVICE_FAMILY = 1;
			};
			name = Release;
		};
		2212EB5C21BE09A20081D186 /* Debug */ = {
			isa = XCBuildConfiguration;
			buildSettings = {
				ALWAYS_EMBED_SWIFT_STANDARD_LIBRARIES = YES;
				BUNDLE_LOADER = "$(TEST_HOST)";
				CODE_SIGN_STYLE = Automatic;
				INFOPLIST_FILE = SCBoyTests/Info.plist;
				LD_RUNPATH_SEARCH_PATHS = (
					"$(inherited)",
					"@executable_path/Frameworks",
					"@loader_path/Frameworks",
				);
				PRODUCT_BUNDLE_IDENTIFIER = com.ascp.SCBoyTests;
				PRODUCT_NAME = "$(TARGET_NAME)";
				SWIFT_VERSION = 4.2;
				TARGETED_DEVICE_FAMILY = "1,2";
				TEST_HOST = "$(BUILT_PRODUCTS_DIR)/SCBoy.app/SCBoy";
			};
			name = Debug;
		};
		2212EB5D21BE09A20081D186 /* Release */ = {
			isa = XCBuildConfiguration;
			buildSettings = {
				ALWAYS_EMBED_SWIFT_STANDARD_LIBRARIES = YES;
				BUNDLE_LOADER = "$(TEST_HOST)";
				CODE_SIGN_STYLE = Automatic;
				INFOPLIST_FILE = SCBoyTests/Info.plist;
				LD_RUNPATH_SEARCH_PATHS = (
					"$(inherited)",
					"@executable_path/Frameworks",
					"@loader_path/Frameworks",
				);
				PRODUCT_BUNDLE_IDENTIFIER = com.ascp.SCBoyTests;
				PRODUCT_NAME = "$(TARGET_NAME)";
				SWIFT_VERSION = 4.2;
				TARGETED_DEVICE_FAMILY = "1,2";
				TEST_HOST = "$(BUILT_PRODUCTS_DIR)/SCBoy.app/SCBoy";
			};
			name = Release;
		};
		2212EB5F21BE09A20081D186 /* Debug */ = {
			isa = XCBuildConfiguration;
			buildSettings = {
				ALWAYS_EMBED_SWIFT_STANDARD_LIBRARIES = YES;
				CODE_SIGN_STYLE = Automatic;
				INFOPLIST_FILE = SCBoyUITests/Info.plist;
				LD_RUNPATH_SEARCH_PATHS = (
					"$(inherited)",
					"@executable_path/Frameworks",
					"@loader_path/Frameworks",
				);
				PRODUCT_BUNDLE_IDENTIFIER = com.ascp.SCBoyUITests;
				PRODUCT_NAME = "$(TARGET_NAME)";
				SWIFT_VERSION = 4.2;
				TARGETED_DEVICE_FAMILY = "1,2";
				TEST_TARGET_NAME = SCBoy;
			};
			name = Debug;
		};
		2212EB6021BE09A20081D186 /* Release */ = {
			isa = XCBuildConfiguration;
			buildSettings = {
				ALWAYS_EMBED_SWIFT_STANDARD_LIBRARIES = YES;
				CODE_SIGN_STYLE = Automatic;
				INFOPLIST_FILE = SCBoyUITests/Info.plist;
				LD_RUNPATH_SEARCH_PATHS = (
					"$(inherited)",
					"@executable_path/Frameworks",
					"@loader_path/Frameworks",
				);
				PRODUCT_BUNDLE_IDENTIFIER = com.ascp.SCBoyUITests;
				PRODUCT_NAME = "$(TARGET_NAME)";
				SWIFT_VERSION = 4.2;
				TARGETED_DEVICE_FAMILY = "1,2";
				TEST_TARGET_NAME = SCBoy;
			};
			name = Release;
		};
/* End XCBuildConfiguration section */

/* Begin XCConfigurationList section */
		2212EB2921BE09980081D186 /* Build configuration list for PBXProject "SCBoy" */ = {
			isa = XCConfigurationList;
			buildConfigurations = (
				2212EB5621BE09A20081D186 /* Debug */,
				2212EB5721BE09A20081D186 /* Release */,
			);
			defaultConfigurationIsVisible = 0;
			defaultConfigurationName = Release;
		};
		2212EB5821BE09A20081D186 /* Build configuration list for PBXNativeTarget "SCBoy" */ = {
			isa = XCConfigurationList;
			buildConfigurations = (
				2212EB5921BE09A20081D186 /* Debug */,
				2212EB5A21BE09A20081D186 /* Release */,
			);
			defaultConfigurationIsVisible = 0;
			defaultConfigurationName = Release;
		};
		2212EB5B21BE09A20081D186 /* Build configuration list for PBXNativeTarget "SCBoyTests" */ = {
			isa = XCConfigurationList;
			buildConfigurations = (
				2212EB5C21BE09A20081D186 /* Debug */,
				2212EB5D21BE09A20081D186 /* Release */,
			);
			defaultConfigurationIsVisible = 0;
			defaultConfigurationName = Release;
		};
		2212EB5E21BE09A20081D186 /* Build configuration list for PBXNativeTarget "SCBoyUITests" */ = {
			isa = XCConfigurationList;
			buildConfigurations = (
				2212EB5F21BE09A20081D186 /* Debug */,
				2212EB6021BE09A20081D186 /* Release */,
			);
			defaultConfigurationIsVisible = 0;
			defaultConfigurationName = Release;
		};
/* End XCConfigurationList section */
	};
	rootObject = 2212EB2621BE09980081D186 /* Project object */;
}
